
Microsoft Visual Studio Solution File, Format Version 12.00
# Visual Studio 15
VisualStudioVersion = 15.0.28307.902
MinimumVisualStudioVersion = 10.0.40219.1
Project("{888888A0-9F3D-457C-B088-3A5042F75D52}") = "DjangoWebProject2", "DjangoWebProject2\DjangoWebProject2.pyproj", "{E69AE11F-2CF2-473F-8341-4B69BB176504}"
EndProject
Global
	GlobalSection(SolutionConfigurationPlatforms) = preSolution
		Debug|Any CPU = Debug|Any CPU
		Release|Any CPU = Release|Any CPU
	EndGlobalSection
	GlobalSection(ProjectConfigurationPlatforms) = postSolution
		{E69AE11F-2CF2-473F-8341-4B69BB176504}.Debug|Any CPU.ActiveCfg = Debug|Any CPU
		{E69AE11F-2CF2-473F-8341-4B69BB176504}.Debug|Any CPU.Build.0 = Debug|Any CPU
		{E69AE11F-2CF2-473F-8341-4B69BB176504}.Release|Any CPU.ActiveCfg = Release|Any CPU
		{E69AE11F-2CF2-473F-8341-4B69BB176504}.Release|Any CPU.Build.0 = Release|Any CPU
	EndGlobalSection
	GlobalSection(SolutionProperties) = preSolution
		HideSolutionNode = FALSE
	EndGlobalSection
	GlobalSection(ExtensibilityGlobals) = postSolution
		SolutionGuid = {7077EA68-B7C7-4E76-8EC4-11F0901A955D}
	EndGlobalSection
EndGlobal
